
Microsoft Visual Studio Solution File, Format Version 12.00
# Visual Studio Version 17
VisualStudioVersion = 17.4.33403.182
MinimumVisualStudioVersion = 10.0.40219.1
Project("{9A19103F-16F7-4668-BE54-9A1E7A4F7556}") = "GameAPI", "GameAPI\GameAPI.csproj", "{03335E4E-865C-4E8E-B5CD-2A5DDDFF6DB2}"
EndProject
Project("{9A19103F-16F7-4668-BE54-9A1E7A4F7556}") = "GameDomain", "GameDomain\GameDomain.csproj", "{3DC373CE-0042-4E1E-BEB2-115CA21A870F}"
EndProject
Project("{9A19103F-16F7-4668-BE54-9A1E7A4F7556}") = "GameInfrestructure", "GameInfrestructure\GameInfrestructure.csproj", "{52032EC6-1768-4F68-9A42-C0A2CDE613F8}"
EndProject
Project("{00D1A9C2-B5F0-4AF3-8072-F6C62B433612}") = "GameDatabase", "GameDatabas\GameDatabase.sqlproj", "{9CD69648-45E2-41A0-BE61-E3EAF7C6EBA3}"
EndProject
Project("{FAE04EC0-301F-11D3-BF4B-00C04F79EFBC}") = "UnitTests", "UnitTests\UnitTests.csproj", "{470CF740-1603-4CFF-8E60-21A6984C355E}"
EndProject
Global
	GlobalSection(SolutionConfigurationPlatforms) = preSolution
		Debug|Any CPU = Debug|Any CPU
		Release|Any CPU = Release|Any CPU
	EndGlobalSection
	GlobalSection(ProjectConfigurationPlatforms) = postSolution
		{03335E4E-865C-4E8E-B5CD-2A5DDDFF6DB2}.Debug|Any CPU.ActiveCfg = Debug|Any CPU
		{03335E4E-865C-4E8E-B5CD-2A5DDDFF6DB2}.Debug|Any CPU.Build.0 = Debug|Any CPU
		{03335E4E-865C-4E8E-B5CD-2A5DDDFF6DB2}.Release|Any CPU.ActiveCfg = Release|Any CPU
		{03335E4E-865C-4E8E-B5CD-2A5DDDFF6DB2}.Release|Any CPU.Build.0 = Release|Any CPU
		{3DC373CE-0042-4E1E-BEB2-115CA21A870F}.Debug|Any CPU.ActiveCfg = Debug|Any CPU
		{3DC373CE-0042-4E1E-BEB2-115CA21A870F}.Debug|Any CPU.Build.0 = Debug|Any CPU
		{3DC373CE-0042-4E1E-BEB2-115CA21A870F}.Release|Any CPU.ActiveCfg = Release|Any CPU
		{3DC373CE-0042-4E1E-BEB2-115CA21A870F}.Release|Any CPU.Build.0 = Release|Any CPU
		{52032EC6-1768-4F68-9A42-C0A2CDE613F8}.Debug|Any CPU.ActiveCfg = Debug|Any CPU
		{52032EC6-1768-4F68-9A42-C0A2CDE613F8}.Debug|Any CPU.Build.0 = Debug|Any CPU
		{52032EC6-1768-4F68-9A42-C0A2CDE613F8}.Release|Any CPU.ActiveCfg = Release|Any CPU
		{52032EC6-1768-4F68-9A42-C0A2CDE613F8}.Release|Any CPU.Build.0 = Release|Any CPU
		{9CD69648-45E2-41A0-BE61-E3EAF7C6EBA3}.Debug|Any CPU.ActiveCfg = Debug|Any CPU
		{9CD69648-45E2-41A0-BE61-E3EAF7C6EBA3}.Debug|Any CPU.Build.0 = Debug|Any CPU
		{9CD69648-45E2-41A0-BE61-E3EAF7C6EBA3}.Debug|Any CPU.Deploy.0 = Debug|Any CPU
		{9CD69648-45E2-41A0-BE61-E3EAF7C6EBA3}.Release|Any CPU.ActiveCfg = Release|Any CPU
		{9CD69648-45E2-41A0-BE61-E3EAF7C6EBA3}.Release|Any CPU.Build.0 = Release|Any CPU
		{9CD69648-45E2-41A0-BE61-E3EAF7C6EBA3}.Release|Any CPU.Deploy.0 = Release|Any CPU
		{470CF740-1603-4CFF-8E60-21A6984C355E}.Debug|Any CPU.ActiveCfg = Debug|Any CPU
		{470CF740-1603-4CFF-8E60-21A6984C355E}.Debug|Any CPU.Build.0 = Debug|Any CPU
		{470CF740-1603-4CFF-8E60-21A6984C355E}.Release|Any CPU.ActiveCfg = Release|Any CPU
		{470CF740-1603-4CFF-8E60-21A6984C355E}.Release|Any CPU.Build.0 = Release|Any CPU
	EndGlobalSection
	GlobalSection(SolutionProperties) = preSolution
		HideSolutionNode = FALSE
	EndGlobalSection
	GlobalSection(ExtensibilityGlobals) = postSolution
		SolutionGuid = {66AE4389-7CF6-4DB1-A07F-48FF02056A05}
	EndGlobalSection
EndGlobal
